
Microsoft Visual Studio Solution File, Format Version 12.00
# Visual Studio 2012
Project("{FAE04EC0-301F-11D3-BF4B-00C04F79EFBC}") = "KMeansClustering", "KMeansClustering\KMeansClustering.csproj", "{696DEB9E-0996-4497-9271-2319BAF10A96}"
EndProject
Global
	GlobalSection(SolutionConfigurationPlatforms) = preSolution
		Debug|Any CPU = Debug|Any CPU
		Release|Any CPU = Release|Any CPU
	EndGlobalSection
	GlobalSection(ProjectConfigurationPlatforms) = postSolution
		{696DEB9E-0996-4497-9271-2319BAF10A96}.Debug|Any CPU.ActiveCfg = Debug|Any CPU
		{696DEB9E-0996-4497-9271-2319BAF10A96}.Debug|Any CPU.Build.0 = Debug|Any CPU
		{696DEB9E-0996-4497-9271-2319BAF10A96}.Release|Any CPU.ActiveCfg = Release|Any CPU
		{696DEB9E-0996-4497-9271-2319BAF10A96}.Release|Any CPU.Build.0 = Release|Any CPU
	EndGlobalSection
	GlobalSection(SolutionProperties) = preSolution
		HideSolutionNode = FALSE
	EndGlobalSection
EndGlobal
